
Microsoft Visual Studio Solution File, Format Version 12.00
# Visual Studio 15
VisualStudioVersion = 15.0.28307.421
MinimumVisualStudioVersion = 10.0.40219.1
Project("{FAE04EC0-301F-11D3-BF4B-00C04F79EFBC}") = "OrderTrackerDemo", "OrderTrackerDemo\OrderTrackerDemo.csproj", "{D2620DE1-C799-4E97-B19D-4DB7F0D43016}"
EndProject
Global
	GlobalSection(SolutionConfigurationPlatforms) = preSolution
		Debug|Any CPU = Debug|Any CPU
		Release|Any CPU = Release|Any CPU
	EndGlobalSection
	GlobalSection(ProjectConfigurationPlatforms) = postSolution
		{D2620DE1-C799-4E97-B19D-4DB7F0D43016}.Debug|Any CPU.ActiveCfg = Debug|Any CPU
		{D2620DE1-C799-4E97-B19D-4DB7F0D43016}.Debug|Any CPU.Build.0 = Debug|Any CPU
		{D2620DE1-C799-4E97-B19D-4DB7F0D43016}.Release|Any CPU.ActiveCfg = Release|Any CPU
		{D2620DE1-C799-4E97-B19D-4DB7F0D43016}.Release|Any CPU.Build.0 = Release|Any CPU
	EndGlobalSection
	GlobalSection(SolutionProperties) = preSolution
		HideSolutionNode = FALSE
	EndGlobalSection
	GlobalSection(ExtensibilityGlobals) = postSolution
		SolutionGuid = {FEA187AA-AF80-4BAC-AE1A-C73CC24C5F14}
	EndGlobalSection
EndGlobal
